
Microsoft Visual Studio Solution File, Format Version 12.00
# Visual Studio 15
Project("{FAE04EC0-301F-11D3-BF4B-00C04F79EFBC}") = "EjemploSerializacion", "EjemploSerializacion\EjemploSerializacion.csproj", "{C076121D-8375-473F-8091-16F458F40CEA}"
EndProject
Global
	GlobalSection(SolutionConfigurationPlatforms) = preSolution
		Debug|anycpu = Debug|anycpu
		Release|anycpu = Release|anycpu
	EndGlobalSection
	GlobalSection(ProjectConfigurationPlatforms) = postSolution
		{C076121D-8375-473F-8091-16F458F40CEA}.Debug|anycpu.ActiveCfg = Debug|anycpu
		{C076121D-8375-473F-8091-16F458F40CEA}.Debug|anycpu.Build.0 = Debug|anycpu
		{C076121D-8375-473F-8091-16F458F40CEA}.Release|anycpu.ActiveCfg = Release|anycpu
		{C076121D-8375-473F-8091-16F458F40CEA}.Release|anycpu.Build.0 = Release|anycpu
	EndGlobalSection
EndGlobal
